<?xml version="1.0" encoding="UTF-8"?>
<Scheme
   LastUpgradeVersion = "1030"
   version = "1.3">
   <BuildAction
      parallelizeBuildables = "YES"
      buildImplicitDependencies = "YES">
      <BuildActionEntries>
         <BuildActionEntry
            buildForTesting = "YES"
            buildForRunning = "YES"
            buildForProfiling = "YES"
            buildForArchiving = "YES"
            buildForAnalyzing = "YES">
            <BuildableReference
               BuildableIdentifier = "primary"
               BlueprintIdentifier = "295E93D02332415700BBF35B"
               BuildableName = "Travel.app"
               BlueprintName = "Travel"
               ReferencedContainer = "container:Travel.xcodeproj">
            </BuildableReference>
         </BuildActionEntry>
      </BuildActionEntries>
   </BuildAction>
   <TestAction
      buildConfiguration = "Debug"
      selectedDebuggerIdentifier = "Xcode.DebuggerFoundation.Debugger.LLDB"
      selectedLauncherIdentifier = "Xcode.DebuggerFoundation.Launcher.LLDB"
      shouldUseLaunchSchemeArgsEnv = "YES"
      codeCoverageEnabled = "YES">
      <MacroExpansion>
         <BuildableReference
            BuildableIdentifier = "primary"
            BlueprintIdentifier = "295E93D02332415700BBF35B"
            BuildableName = "Travel.app"
            BlueprintName = "Travel"
            ReferencedContainer = "container:Travel.xcodeproj">
         </BuildableReference>
      </MacroExpansion>
      <Testables>
         <TestableReference
            skipped = "NO">
            <BuildableReference
               BuildableIdentifier = "primary"
               BlueprintIdentifier = "29E48C0C2338724F0084812B"
               BuildableName = "ExchangeRateServiceTests.xctest"
               BlueprintName = "ExchangeRateServiceTests"
               ReferencedContainer = "container:Travel.xcodeproj">
            </BuildableReference>
         </TestableReference>
         <TestableReference
            skipped = "YES">
            <BuildableReference
               BuildableIdentifier = "primary"
               BlueprintIdentifier = "291290BD2357B30E006BC96C"
               BuildableName = "WeatherTestCase.xctest"
               BlueprintName = "WeatherTestCase"
               ReferencedContainer = "container:Travel.xcodeproj">
            </BuildableReference>
         </TestableReference>
         <TestableReference
            skipped = "YES">
            <BuildableReference
               BuildableIdentifier = "primary"
               BlueprintIdentifier = "291290D32357B842006BC96C"
               BuildableName = "WeatherTestsCase.xctest"
               BlueprintName = "WeatherTestsCase"
               ReferencedContainer = "container:Travel.xcodeproj">
            </BuildableReference>
         </TestableReference>
         <TestableReference
            skipped = "NO">
            <BuildableReference
               BuildableIdentifier = "primary"
               BlueprintIdentifier = "291290E1235880CF006BC96C"
               BuildableName = "WeatherTests.xctest"
               BlueprintName = "WeatherTests"
               ReferencedContainer = "container:Travel.xcodeproj">
            </BuildableReference>
         </TestableReference>
         <TestableReference
            skipped = "NO">
            <BuildableReference
               BuildableIdentifier = "primary"
               BlueprintIdentifier = "291290EF23588393006BC96C"
               BuildableName = "TravelTests.xctest"
               BlueprintName = "TravelTests"
               ReferencedContainer = "container:Travel.xcodeproj">
            </BuildableReference>
         </TestableReference>
      </Testables>
   </TestAction>
   <LaunchAction
      buildConfiguration = "Debug"
      selectedDebuggerIdentifier = "Xcode.DebuggerFoundation.Debugger.LLDB"
      selectedLauncherIdentifier = "Xcode.DebuggerFoundation.Launcher.LLDB"
      launchStyle = "0"
      useCustomWorkingDirectory = "NO"
      ignoresPersistentStateOnLaunch = "NO"
      debugDocumentVersioning = "YES"
      debugServiceExtension = "internal"
      allowLocationSimulation = "YES">
      <BuildableProductRunnable
         runnableDebuggingMode = "0">
         <BuildableReference
            BuildableIdentifier = "primary"
            BlueprintIdentifier = "295E93D02332415700BBF35B"
            BuildableName = "Travel.app"
            BlueprintName = "Travel"
            ReferencedContainer = "container:Travel.xcodeproj">
         </BuildableReference>
      </BuildableProductRunnable>
   </LaunchAction>
   <ProfileAction
      buildConfiguration = "Release"
      shouldUseLaunchSchemeArgsEnv = "YES"
      savedToolIdentifier = ""
      useCustomWorkingDirectory = "NO"
      debugDocumentVersioning = "YES">
      <BuildableProductRunnable
         runnableDebuggingMode = "0">
         <BuildableReference
            BuildableIdentifier = "primary"
            BlueprintIdentifier = "295E93D02332415700BBF35B"
            BuildableName = "Travel.app"
            BlueprintName = "Travel"
            ReferencedContainer = "container:Travel.xcodeproj">
         </BuildableReference>
      </BuildableProductRunnable>
   </ProfileAction>
   <AnalyzeAction
      buildConfiguration = "Debug">
   </AnalyzeAction>
   <ArchiveAction
      buildConfiguration = "Release"
      revealArchiveInOrganizer = "YES">
   </ArchiveAction>
</Scheme>
